
Microsoft Visual Studio Solution File, Format Version 12.00
# Visual Studio Version 17
VisualStudioVersion = 17.0.32014.148
MinimumVisualStudioVersion = 10.0.40219.1
Project("{2150E333-8FDC-42A3-9474-1A3956D46DE8}") = "src", "src", "{AB4DD5D3-A934-42F2-8B35-B403A72B7523}"
EndProject
Project("{2150E333-8FDC-42A3-9474-1A3956D46DE8}") = "tests", "tests", "{AEF48208-917E-45DF-87C5-6EC2CC8FD7AE}"
EndProject
Project("{2150E333-8FDC-42A3-9474-1A3956D46DE8}") = "core", "core", "{3A048C41-3088-4642-8B5A-C18BB221879D}"
EndProject
Project("{9A19103F-16F7-4668-BE54-9A1E7A4F7556}") = "MoneyTrack.Core.Models", "src\core\MoneyTrack.Core.Models\MoneyTrack.Core.Models.csproj", "{3E83855F-720B-47C4-AC70-2EA97311EACD}"
EndProject
Project("{9A19103F-16F7-4668-BE54-9A1E7A4F7556}") = "MoneyTrack.Core.DomainServices", "src\core\MoneyTrack.Core.DomainServices\MoneyTrack.Core.DomainServices.csproj", "{77B12982-8E2C-42AF-8BD3-D71141BF352E}"
EndProject
Project("{9A19103F-16F7-4668-BE54-9A1E7A4F7556}") = "MoneyTrack.Core.AppServices", "src\core\MoneyTrack.Core.AppServices\MoneyTrack.Core.AppServices.csproj", "{D7F62276-F275-4184-AD61-79A37CB85154}"
EndProject
Project("{2150E333-8FDC-42A3-9474-1A3956D46DE8}") = "web", "web", "{48DDA62B-5B23-4228-9F75-C3A1F12646F3}"
EndProject
Project("{9A19103F-16F7-4668-BE54-9A1E7A4F7556}") = "MoneyTrack.Web.Api", "src\web\MoneyTrack.Web.Api\MoneyTrack.Web.Api.csproj", "{A87CAA38-A07A-4534-82E9-4AE4D2124C65}"
EndProject
Project("{2150E333-8FDC-42A3-9474-1A3956D46DE8}") = "data", "data", "{7AD3668B-F25D-408C-96D7-29A6086B4ADF}"
EndProject
Project("{9A19103F-16F7-4668-BE54-9A1E7A4F7556}") = "MoneyTrack.Data.MsSqlServer", "src\data\MoneyTrack.Data.MsSqlServer\MoneyTrack.Data.MsSqlServer.csproj", "{B282F664-4500-48EE-A591-12DD410A1A1F}"
EndProject
Project("{9A19103F-16F7-4668-BE54-9A1E7A4F7556}") = "MoneyTrack.Web.Infrastructure", "src\web\MoneyTrack.Web.Infrastructure\MoneyTrack.Web.Infrastructure.csproj", "{40B6089B-82A5-4080-871B-74B176724662}"
EndProject
Project("{FAE04EC0-301F-11D3-BF4B-00C04F79EFBC}") = "MoneyTrack.Core.AppServices.Tests", "tests\MoneyTrack.Core.AppServices.Tests\MoneyTrack.Core.AppServices.Tests.csproj", "{1DA06B52-AD55-4865-B12C-FC84C2936327}"
EndProject
Global
	GlobalSection(SolutionConfigurationPlatforms) = preSolution
		Debug|Any CPU = Debug|Any CPU
		Release|Any CPU = Release|Any CPU
	EndGlobalSection
	GlobalSection(ProjectConfigurationPlatforms) = postSolution
		{3E83855F-720B-47C4-AC70-2EA97311EACD}.Debug|Any CPU.ActiveCfg = Debug|Any CPU
		{3E83855F-720B-47C4-AC70-2EA97311EACD}.Debug|Any CPU.Build.0 = Debug|Any CPU
		{3E83855F-720B-47C4-AC70-2EA97311EACD}.Release|Any CPU.ActiveCfg = Release|Any CPU
		{3E83855F-720B-47C4-AC70-2EA97311EACD}.Release|Any CPU.Build.0 = Release|Any CPU
		{77B12982-8E2C-42AF-8BD3-D71141BF352E}.Debug|Any CPU.ActiveCfg = Debug|Any CPU
		{77B12982-8E2C-42AF-8BD3-D71141BF352E}.Debug|Any CPU.Build.0 = Debug|Any CPU
		{77B12982-8E2C-42AF-8BD3-D71141BF352E}.Release|Any CPU.ActiveCfg = Release|Any CPU
		{77B12982-8E2C-42AF-8BD3-D71141BF352E}.Release|Any CPU.Build.0 = Release|Any CPU
		{D7F62276-F275-4184-AD61-79A37CB85154}.Debug|Any CPU.ActiveCfg = Debug|Any CPU
		{D7F62276-F275-4184-AD61-79A37CB85154}.Debug|Any CPU.Build.0 = Debug|Any CPU
		{D7F62276-F275-4184-AD61-79A37CB85154}.Release|Any CPU.ActiveCfg = Release|Any CPU
		{D7F62276-F275-4184-AD61-79A37CB85154}.Release|Any CPU.Build.0 = Release|Any CPU
		{A87CAA38-A07A-4534-82E9-4AE4D2124C65}.Debug|Any CPU.ActiveCfg = Debug|Any CPU
		{A87CAA38-A07A-4534-82E9-4AE4D2124C65}.Debug|Any CPU.Build.0 = Debug|Any CPU
		{A87CAA38-A07A-4534-82E9-4AE4D2124C65}.Release|Any CPU.ActiveCfg = Release|Any CPU
		{A87CAA38-A07A-4534-82E9-4AE4D2124C65}.Release|Any CPU.Build.0 = Release|Any CPU
		{B282F664-4500-48EE-A591-12DD410A1A1F}.Debug|Any CPU.ActiveCfg = Debug|Any CPU
		{B282F664-4500-48EE-A591-12DD410A1A1F}.Debug|Any CPU.Build.0 = Debug|Any CPU
		{B282F664-4500-48EE-A591-12DD410A1A1F}.Release|Any CPU.ActiveCfg = Release|Any CPU
		{B282F664-4500-48EE-A591-12DD410A1A1F}.Release|Any CPU.Build.0 = Release|Any CPU
		{40B6089B-82A5-4080-871B-74B176724662}.Debug|Any CPU.ActiveCfg = Debug|Any CPU
		{40B6089B-82A5-4080-871B-74B176724662}.Debug|Any CPU.Build.0 = Debug|Any CPU
		{40B6089B-82A5-4080-871B-74B176724662}.Release|Any CPU.ActiveCfg = Release|Any CPU
		{40B6089B-82A5-4080-871B-74B176724662}.Release|Any CPU.Build.0 = Release|Any CPU
		{1DA06B52-AD55-4865-B12C-FC84C2936327}.Debug|Any CPU.ActiveCfg = Debug|Any CPU
		{1DA06B52-AD55-4865-B12C-FC84C2936327}.Debug|Any CPU.Build.0 = Debug|Any CPU
		{1DA06B52-AD55-4865-B12C-FC84C2936327}.Release|Any CPU.ActiveCfg = Release|Any CPU
		{1DA06B52-AD55-4865-B12C-FC84C2936327}.Release|Any CPU.Build.0 = Release|Any CPU
	EndGlobalSection
	GlobalSection(SolutionProperties) = preSolution
		HideSolutionNode = FALSE
	EndGlobalSection
	GlobalSection(NestedProjects) = preSolution
		{3A048C41-3088-4642-8B5A-C18BB221879D} = {AB4DD5D3-A934-42F2-8B35-B403A72B7523}
		{3E83855F-720B-47C4-AC70-2EA97311EACD} = {3A048C41-3088-4642-8B5A-C18BB221879D}
		{77B12982-8E2C-42AF-8BD3-D71141BF352E} = {3A048C41-3088-4642-8B5A-C18BB221879D}
		{D7F62276-F275-4184-AD61-79A37CB85154} = {3A048C41-3088-4642-8B5A-C18BB221879D}
		{48DDA62B-5B23-4228-9F75-C3A1F12646F3} = {AB4DD5D3-A934-42F2-8B35-B403A72B7523}
		{A87CAA38-A07A-4534-82E9-4AE4D2124C65} = {48DDA62B-5B23-4228-9F75-C3A1F12646F3}
		{7AD3668B-F25D-408C-96D7-29A6086B4ADF} = {AB4DD5D3-A934-42F2-8B35-B403A72B7523}
		{B282F664-4500-48EE-A591-12DD410A1A1F} = {7AD3668B-F25D-408C-96D7-29A6086B4ADF}
		{40B6089B-82A5-4080-871B-74B176724662} = {48DDA62B-5B23-4228-9F75-C3A1F12646F3}
		{1DA06B52-AD55-4865-B12C-FC84C2936327} = {AEF48208-917E-45DF-87C5-6EC2CC8FD7AE}
	EndGlobalSection
	GlobalSection(ExtensibilityGlobals) = postSolution
		SolutionGuid = {2EE6D594-DE95-4A84-83CA-C707A9266C6A}
	EndGlobalSection
EndGlobal
